# This file is automatically @generated by Poetry 1.8.4 and should not be changed by hand.

[[package]]
name = "cramjam"
version = "2.9.0"
description = "Thin Python bindings to de/compression algorithms in Rust"
optional = false
python-versions = ">=3.8"
files = [
    {file = "cramjam-2.9.0-cp310-cp310-macosx_10_12_x86_64.whl", hash = "sha256:eb16d995e454b0155b166f6e6da7df4ac812d44e0f3b6dc0f344a934609fd5bc"},
    {file = "cramjam-2.9.0-cp310-cp310-macosx_11_0_arm64.whl", hash = "sha256:cb1e86bfea656b51f2e75f2cedb17fc08b552d105b814d19b595294ecbe94d8d"},
    {file = "cramjam-2.9.0-cp310-cp310-manylinux_2_12_i686.manylinux2010_i686.whl", hash = "sha256:4bd76b654275736fd4f55521981b73751c34dacf70a1dbce96e454a39d43201f"},
    {file = "cramjam-2.9.0-cp310-cp310-manylinux_2_17_aarch64.manylinux2014_aarch64.whl", hash = "sha256:21569f19d5848606b85ac0dde0dc3639319d26fed8522c7103515df875bcb300"},
    {file = "cramjam-2.9.0-cp310-cp310-manylinux_2_17_armv7l.manylinux2014_armv7l.whl", hash = "sha256:b8f8b1117b4e697d39950ecab01700ce0aef66541e4478eb4d7b3ade8703347b"},
    {file = "cramjam-2.9.0-cp310-cp310-manylinux_2_17_ppc64le.manylinux2014_ppc64le.whl", hash = "sha256:c3464d0042a03e8ef38a2b774ef23163cf3c0cdc41b8dfbf7c4aadf93e40b459"},
    {file = "cramjam-2.9.0-cp310-cp310-manylinux_2_17_s390x.manylinux2014_s390x.whl", hash = "sha256:0711c776750e243ae347d6609c975f0ff4be9ae65b2764d29e4bbdad8e574c3a"},
    {file = "cramjam-2.9.0-cp310-cp310-manylinux_2_17_x86_64.manylinux2014_x86_64.whl", hash = "sha256:00d96f798bc980b29f8e1c3ed7d554050e05d4cde23d1633ffed4cd63110024a"},
    {file = "cramjam-2.9.0-cp310-cp310-musllinux_1_1_aarch64.whl", hash = "sha256:fc49b6575e3cb15da3180c5a3926ec81db33b109e48530708da76614b306904b"},
    {file = "cramjam-2.9.0-cp310-cp310-musllinux_1_1_armv7l.whl", hash = "sha256:c4fa6c23e56d48df18f534af921ec936c812743a8972ecdd5e5ff47b464fea00"},
    {file = "cramjam-2.9.0-cp310-cp310-musllinux_1_1_i686.whl", hash = "sha256:b4b8d8160685c11ffb4e8e6daaab79cb351a1c54ceec41cc18a0a62c89309fe0"},
    {file = "cramjam-2.9.0-cp310-cp310-musllinux_1_1_x86_64.whl", hash = "sha256:0ed6362cb6c964f8d0c6e7f790e8961b9242cd3acd87c56169ca14d642653707"},
    {file = "cramjam-2.9.0-cp310-none-win32.whl", hash = "sha256:fe9af350dfbdc7ed4c93a8016a8ad7b5492fc116e7197cad7cbce99b434d3fe1"},
    {file = "cramjam-2.9.0-cp310-none-win_amd64.whl", hash = "sha256:37054c73704a3183b60869e7fec1614648752c31d89f44de1ffe1f01ad4d20d5"},
    {file = "cramjam-2.9.0-cp311-cp311-macosx_10_12_x86_64.whl", hash = "sha256:170a50407f9400073621cc1d5f3200ca3ad9de3000831e3e86f5561ca8048a08"},
    {file = "cramjam-2.9.0-cp311-cp311-macosx_11_0_arm64.whl", hash = "sha256:912c94781c8ff318a4d3f3306f8d94d41ae5aa7b9760c4bb0476b01142084845"},
    {file = "cramjam-2.9.0-cp311-cp311-manylinux_2_12_i686.manylinux2010_i686.whl", hash = "sha256:df089639983a03070be6eabc60317aa1ffbf2c5409023b57a5fc2e4975163bc4"},
    {file = "cramjam-2.9.0-cp311-cp311-manylinux_2_17_aarch64.manylinux2014_aarch64.whl", hash = "sha256:1ca28a8f6ab5fca35f163fd7d7a970880ce4fc1a0bead1249ecdaa96ec9ac1f4"},
    {file = "cramjam-2.9.0-cp311-cp311-manylinux_2_17_armv7l.manylinux2014_armv7l.whl", hash = "sha256:abd8bf9a94e3866215ac181a7dbcfa1ddbedca4f8048494a79934febe88537df"},
    {file = "cramjam-2.9.0-cp311-cp311-manylinux_2_17_ppc64le.manylinux2014_ppc64le.whl", hash = "sha256:7de19a382bcab93cd4d028d51f6f581920a3b79659a384775188135b7fc64f15"},
    {file = "cramjam-2.9.0-cp311-cp311-manylinux_2_17_s390x.manylinux2014_s390x.whl", hash = "sha256:a4156fcefa1dfaa65d35ff82c252d1e32be12820f26d04748be6cd3b461cf85f"},
    {file = "cramjam-2.9.0-cp311-cp311-manylinux_2_17_x86_64.manylinux2014_x86_64.whl", hash = "sha256:b4a3104022129d7463100dfaf12efd398ebfa4b7e4e50832ccc596754f7c26df"},
    {file = "cramjam-2.9.0-cp311-cp311-musllinux_1_1_aarch64.whl", hash = "sha256:6ebee5f5d7e2b9277895ea4fd94646b72075fe9cfc0e8f4770b65c9e72b1fec1"},
    {file = "cramjam-2.9.0-cp311-cp311-musllinux_1_1_armv7l.whl", hash = "sha256:8e33ebe4d709b21bc15e7ddf485ac6b30d7fdc7ed7c3c65130654c007f50c183"},
    {file = "cramjam-2.9.0-cp311-cp311-musllinux_1_1_i686.whl", hash = "sha256:4d5a39118008bb9f2fba36a0ceea6c41fbd0b55d2647b043ba51a868e5f6de92"},
    {file = "cramjam-2.9.0-cp311-cp311-musllinux_1_1_x86_64.whl", hash = "sha256:7f6ef35eba883927af2678b561cc4407e0b3b0d58a251c863bec4b3d8258cc2f"},
    {file = "cramjam-2.9.0-cp311-none-win32.whl", hash = "sha256:b21e55b5cfdaff96eae1f323ae9a0d36e86852cdf62fe23b60a2481d2fed5571"},
    {file = "cramjam-2.9.0-cp311-none-win_amd64.whl", hash = "sha256:9f685fe4e49b2f3e233548e3397b3f9189d71a265718ec631d13eca3d5718ddb"},
    {file = "cramjam-2.9.0-cp312-cp312-macosx_10_12_x86_64.whl", hash = "sha256:34578e4c1518b10dad5e0ba40c721e529ef13e7742a528843b40e1f20dd6078c"},
    {file = "cramjam-2.9.0-cp312-cp312-macosx_11_0_arm64.whl", hash = "sha256:1d5b5512dc61ea78f32e021e88a5fd5b46a821409479e6657d33614fc9e45677"},
    {file = "cramjam-2.9.0-cp312-cp312-manylinux_2_12_i686.manylinux2010_i686.whl", hash = "sha256:0b4f1b5e33915ed591c0c19b8c3bbdd7aa0f6a9bfe2b7246b475d497bda15f18"},
    {file = "cramjam-2.9.0-cp312-cp312-manylinux_2_17_aarch64.manylinux2014_aarch64.whl", hash = "sha256:ad301801afa0eecdacabf353a2802df5e6770f9bfb0a559d6c069813d83cfd42"},
    {file = "cramjam-2.9.0-cp312-cp312-manylinux_2_17_armv7l.manylinux2014_armv7l.whl", hash = "sha256:399baf80fea574e3870f233e12e6a12f02c53b054e13d792348b272b0614370a"},
    {file = "cramjam-2.9.0-cp312-cp312-manylinux_2_17_ppc64le.manylinux2014_ppc64le.whl", hash = "sha256:3121e2fbec58907fa70636adaeaf30c27614c867e08a7a5bd2887b33786ff790"},
    {file = "cramjam-2.9.0-cp312-cp312-manylinux_2_17_s390x.manylinux2014_s390x.whl", hash = "sha256:bd04205b2a87087ffc2257c3ad33f11daabc053956f64ac1ec7bae299cac3f2f"},
    {file = "cramjam-2.9.0-cp312-cp312-manylinux_2_17_x86_64.manylinux2014_x86_64.whl", hash = "sha256:ddb9c4db36188a8f08c2303100a83100f26a8572803ae35eadff359bebd3d204"},
    {file = "cramjam-2.9.0-cp312-cp312-musllinux_1_1_aarch64.whl", hash = "sha256:ef553d4080368006817c1a935ed619c71987cf10417a32386acc00c5418a2934"},
    {file = "cramjam-2.9.0-cp312-cp312-musllinux_1_1_armv7l.whl", hash = "sha256:9862ca8ead80857ecfb9b07f02f577733261e981346f31585fe118975eabb738"},
    {file = "cramjam-2.9.0-cp312-cp312-musllinux_1_1_i686.whl", hash = "sha256:4714e1ea0c3329368b83fe5ad6e831d5ca11fb794ca7cf491622eb6b2d420d2f"},
    {file = "cramjam-2.9.0-cp312-cp312-musllinux_1_1_x86_64.whl", hash = "sha256:1b4ca30c9f27e3b88bc082d4637e7648f93da5cb69a2dbe0c0300bc51353c820"},
    {file = "cramjam-2.9.0-cp312-none-win32.whl", hash = "sha256:0ed2fef010d1caca9ea63814e9cb5b1d47d907b80302b8cc0b3a1e116ea241e2"},
    {file = "cramjam-2.9.0-cp312-none-win_amd64.whl", hash = "sha256:bd26d71939de5dcf169d479fbc7fcfed21e6675bab33e7f7e9f8405f19711c71"},
    {file = "cramjam-2.9.0-cp313-cp313-macosx_10_12_x86_64.whl", hash = "sha256:dd70ea5d7b2c5e479e04ac3a00d8bc3deca146d2b5dbfbe3d7b42ed136e19de4"},
    {file = "cramjam-2.9.0-cp313-cp313-macosx_11_0_arm64.whl", hash = "sha256:0b1410e68c464666473a89cade17483b94bb4639d9161c440ee54ee1e0eca583"},
    {file = "cramjam-2.9.0-cp313-cp313-manylinux_2_12_i686.manylinux2010_i686.whl", hash = "sha256:b0078727fe8c28ef1695e5d04aae5c41ac697eb087cba387c6a02b825f9071c0"},
    {file = "cramjam-2.9.0-cp313-cp313-manylinux_2_17_aarch64.manylinux2014_aarch64.whl", hash = "sha256:4a63c4e63319bf7dfc3ab46c06afb76d3d9cc1c94369b609dde480e5cc78e4de"},
    {file = "cramjam-2.9.0-cp313-cp313-manylinux_2_17_armv7l.manylinux2014_armv7l.whl", hash = "sha256:47d7253b5a10c201cc65aecfb517dfa1c0b5831b2524ac32dd2964fceafc0dc4"},
    {file = "cramjam-2.9.0-cp313-cp313-manylinux_2_17_ppc64le.manylinux2014_ppc64le.whl", hash = "sha256:05970fb640f236767003e62c256a085754536169bac863f4a3502ecb59cbf197"},
    {file = "cramjam-2.9.0-cp313-cp313-manylinux_2_17_s390x.manylinux2014_s390x.whl", hash = "sha256:e0b062d261fa3fac00146cf801896c8cfafe1e41332eb047aa0a36558299daa6"},
    {file = "cramjam-2.9.0-cp313-cp313-manylinux_2_17_x86_64.manylinux2014_x86_64.whl", hash = "sha256:017b7066f18b7b676068f51b1dbdecc02d76d9af10092252b22dcbd03a78ed33"},
    {file = "cramjam-2.9.0-cp313-cp313-musllinux_1_1_aarch64.whl", hash = "sha256:9de33ef3bc006c11fbad1dc8b15341dcc78430df2c5ce1e790dfb729b11ab593"},
    {file = "cramjam-2.9.0-cp313-cp313-musllinux_1_1_armv7l.whl", hash = "sha256:b99efaf81be8e381de1cde6574e2c89030ed53994e73b0e75b62d6e232f491c5"},
    {file = "cramjam-2.9.0-cp313-cp313-musllinux_1_1_i686.whl", hash = "sha256:36426e3f1920f6aa4c644d007bf9cfad06dd9f1a30cd0a921d72b010492d8447"},
    {file = "cramjam-2.9.0-cp313-cp313-musllinux_1_1_x86_64.whl", hash = "sha256:ea9bcaff298f5d35ef67346d474fca388c5cf6d4edab1d06b84868800f88bd36"},
    {file = "cramjam-2.9.0-cp313-none-win32.whl", hash = "sha256:c48da60a5eb481b412e5e462b81ad307fb2203178a2840a743f0a7c5fc1718c9"},
    {file = "cramjam-2.9.0-cp313-none-win_amd64.whl", hash = "sha256:97a6311bd32f301ff1b922bc9de62ace3d9fd845e20efc0f71b4d0239a45b8d2"},
    {file = "cramjam-2.9.0-cp38-cp38-macosx_10_12_x86_64.whl", hash = "sha256:78e7349f945a83bc48855fb042873092a69b155a088b8c11942eb76418b32705"},
    {file = "cramjam-2.9.0-cp38-cp38-macosx_11_0_arm64.whl", hash = "sha256:65a097ea765dd4ef2fb868b5b0959d7c93a64c250b2c52f462898c823ae4b950"},
    {file = "cramjam-2.9.0-cp38-cp38-manylinux_2_12_i686.manylinux2010_i686.whl", hash = "sha256:35cad507eb02c775e6c5444312f98b28dd8bf122425677ae199484996e838673"},
    {file = "cramjam-2.9.0-cp38-cp38-manylinux_2_17_aarch64.manylinux2014_aarch64.whl", hash = "sha256:8982925d179b940efa860513a31b839bb06343501077cca3e67f7a2f7360d355"},
    {file = "cramjam-2.9.0-cp38-cp38-manylinux_2_17_armv7l.manylinux2014_armv7l.whl", hash = "sha256:ba7e2d33e1d092dffd0a3ff4bd1b86177594aa3c2901fd478e78e1fb2aee8ed3"},
    {file = "cramjam-2.9.0-cp38-cp38-manylinux_2_17_ppc64le.manylinux2014_ppc64le.whl", hash = "sha256:904be92e3bc25e78343ee52aa0fd5fba3a31d11d474e8af4623a9d00baa84bc2"},
    {file = "cramjam-2.9.0-cp38-cp38-manylinux_2_17_s390x.manylinux2014_s390x.whl", hash = "sha256:9221297c547d702e1431e96705fce26c6a87df34a681a6b97fe63b536d09c1d8"},
    {file = "cramjam-2.9.0-cp38-cp38-manylinux_2_17_x86_64.manylinux2014_x86_64.whl", hash = "sha256:e98a18c22a85f321091cc8db6694af1d713a369c2d60ec611c10ccfe24ab103a"},
    {file = "cramjam-2.9.0-cp38-cp38-musllinux_1_1_aarch64.whl", hash = "sha256:e248510f8e2dbc71fa99f86238c9023365dbe1a4520eb40e33d73416527349f2"},
    {file = "cramjam-2.9.0-cp38-cp38-musllinux_1_1_armv7l.whl", hash = "sha256:dc07376aa33b6004ea372ac9b0ba0ed3455aa2fc4e18727414142ecb46b176b8"},
    {file = "cramjam-2.9.0-cp38-cp38-musllinux_1_1_i686.whl", hash = "sha256:e94021c541eb2a199b5a2ffae0ea84fb8b99863dab99a5b154b00bc7a44b5c48"},
    {file = "cramjam-2.9.0-cp38-cp38-musllinux_1_1_x86_64.whl", hash = "sha256:4adbf4366f8dc29b7c5c731c800cf633be76c9911e928daeb606827d6ae7c599"},
    {file = "cramjam-2.9.0-cp38-none-win32.whl", hash = "sha256:ca880f555c8db40942acc8a50722c33e229b6be90e598acc1a201f36487b917d"},
    {file = "cramjam-2.9.0-cp38-none-win_amd64.whl", hash = "sha256:ab17a429a92db90bf40115efb97d10e71b94b0dcacf30cf724552df2794a58fb"},
    {file = "cramjam-2.9.0-cp39-cp39-macosx_10_12_x86_64.whl", hash = "sha256:ed7fd7bc2b86ec3161fe0cc49f5f392e6efa55c91a95397d5047820c38117660"},
    {file = "cramjam-2.9.0-cp39-cp39-macosx_11_0_arm64.whl", hash = "sha256:a0f654c739a6bc4a69a2aaf31463328a208757ed780ff886234532f78e06a864"},
    {file = "cramjam-2.9.0-cp39-cp39-manylinux_2_12_i686.manylinux2010_i686.whl", hash = "sha256:cd4d4ab9deb5846af0ac6cf1fa139cfa40291ad14d073efa8b8e20c8d1aa90bd"},
    {file = "cramjam-2.9.0-cp39-cp39-manylinux_2_17_aarch64.manylinux2014_aarch64.whl", hash = "sha256:bafc32f01d4ab64f83fdbc29bc5bd25a920b59c751c12e06e6f4b1e379be7600"},
    {file = "cramjam-2.9.0-cp39-cp39-manylinux_2_17_armv7l.manylinux2014_armv7l.whl", hash = "sha256:0fb5ea631dbf998f667766a9e485e757817d66ed559916ba553a0ec2f902d788"},
    {file = "cramjam-2.9.0-cp39-cp39-manylinux_2_17_ppc64le.manylinux2014_ppc64le.whl", hash = "sha256:c902e56e60c48f5f15e55257aaa1c2678323df5f18a1b839e8d05cac1107576c"},
    {file = "cramjam-2.9.0-cp39-cp39-manylinux_2_17_s390x.manylinux2014_s390x.whl", hash = "sha256:441d3875cdffe5df9294b93ef570058837732dd727cd9d18efa0f089f1c2687a"},
    {file = "cramjam-2.9.0-cp39-cp39-manylinux_2_17_x86_64.manylinux2014_x86_64.whl", hash = "sha256:ed486e57a79ccc7aebaa2ec12517d891fdc5d2fde16915e3db705b8a47570981"},
    {file = "cramjam-2.9.0-cp39-cp39-musllinux_1_1_aarch64.whl", hash = "sha256:013cb872205641c6e5269f530ed40aaaa5640d84e0d8f33b89f5a1bf7f655527"},
    {file = "cramjam-2.9.0-cp39-cp39-musllinux_1_1_armv7l.whl", hash = "sha256:a41b4b10a381be1d42a1a7dd07b8c3faccd3d12c7e98e973a6ec558fd040a607"},
    {file = "cramjam-2.9.0-cp39-cp39-musllinux_1_1_i686.whl", hash = "sha256:598eac1713ddbe69c3b30dcc890d69b206ce08903fc3aed58149aae87c61973a"},
    {file = "cramjam-2.9.0-cp39-cp39-musllinux_1_1_x86_64.whl", hash = "sha256:72e9ebc27c557706a3c9964c1d1b4522857760dbd60c105a4f5421f3b66e31a2"},
    {file = "cramjam-2.9.0-cp39-none-win32.whl", hash = "sha256:dbbd6fba677e1cbc9d6bd4ebbe3e8b3667d0295f1731489db2a971c95f0ceca0"},
    {file = "cramjam-2.9.0-cp39-none-win_amd64.whl", hash = "sha256:7f33a83969fa94ee8e0c1f0aef8eb303ead3e9142338dc543abeb7e1a28734ab"},
    {file = "cramjam-2.9.0-pp310-pypy310_pp73-macosx_10_12_x86_64.whl", hash = "sha256:132db7d3346ea21ba44e7ee23ec73bd6fa9eb1e77133ca6dfe1f7449a69999af"},
    {file = "cramjam-2.9.0-pp310-pypy310_pp73-macosx_11_0_arm64.whl", hash = "sha256:2addf801c88bead21256ccd87dc97cffead03758c4a4947fad8e454f4abfda0a"},
    {file = "cramjam-2.9.0-pp310-pypy310_pp73-manylinux_2_17_aarch64.manylinux2014_aarch64.whl", hash = "sha256:24afad3ba62774abbb150dc25aab21b047ab999c4143c7a8d96577848baf7af6"},
    {file = "cramjam-2.9.0-pp310-pypy310_pp73-manylinux_2_17_x86_64.manylinux2014_x86_64.whl", hash = "sha256:604c16052cf29d0c796927ed7e107f65429d2036c82c9a8009bd453c94e5e4f0"},
    {file = "cramjam-2.9.0-pp310-pypy310_pp73-win_amd64.whl", hash = "sha256:65bded20fd2cef17b22246c336ddd67fac842341ee311042b4a70e65dc745aa7"},
    {file = "cramjam-2.9.0.tar.gz", hash = "sha256:f103e648aa3ebe9b8e2c1a3a92719288d8f3f41007c319ad298cdce2d0c28641"},
]

[package.extras]
dev = ["black (==22.3.0)", "hypothesis", "numpy", "pytest (>=5.30)", "pytest-benchmark", "pytest-xdist"]

[[package]]
name = "fastparquet"
version = "2024.11.0"
description = "Python support for Parquet file format"
optional = false
python-versions = ">=3.9"
files = [
    {file = "fastparquet-2024.11.0-cp310-cp310-macosx_10_9_universal2.whl", hash = "sha256:60ccf587410f0979105e17036df61bb60e1c2b81880dc91895cdb4ee65b71e7f"},
    {file = "fastparquet-2024.11.0-cp310-cp310-macosx_11_0_arm64.whl", hash = "sha256:a5ad5fc14b0567e700bea3cd528a0bd45a6f9371370b49de8889fb3d10a6574a"},
    {file = "fastparquet-2024.11.0-cp310-cp310-manylinux_2_17_aarch64.manylinux2014_aarch64.whl", hash = "sha256:0b74333914f454344458dab9d1432fda9b70d62e28dc7acb1512d937ef1424ee"},
    {file = "fastparquet-2024.11.0-cp310-cp310-manylinux_2_17_x86_64.manylinux2014_x86_64.whl", hash = "sha256:41d1610130b5cb1ce36467766191c5418cba8631e2bfe3affffaf13f9be4e7a8"},
    {file = "fastparquet-2024.11.0-cp310-cp310-manylinux_2_5_i686.manylinux1_i686.manylinux_2_17_i686.manylinux2014_i686.whl", hash = "sha256:d281edd625c33628ba028d3221180283d6161bc5ceb55eae1f0ca1678f864f26"},
    {file = "fastparquet-2024.11.0-cp310-cp310-musllinux_1_2_i686.whl", hash = "sha256:fa56b19a29008c34cfe8831e810f770080debcbffc69aabd1df4d47572181f9c"},
    {file = "fastparquet-2024.11.0-cp310-cp310-musllinux_1_2_x86_64.whl", hash = "sha256:5914ecfa766b7763201b9f49d832a5e89c2dccad470ca4f9c9b228d9a8349756"},
    {file = "fastparquet-2024.11.0-cp310-cp310-win_amd64.whl", hash = "sha256:561202e8f0e859ccc1aa77c4aaad1d7901b2d50fd6f624ca018bae4c3c7a62ce"},
    {file = "fastparquet-2024.11.0-cp311-cp311-macosx_10_9_universal2.whl", hash = "sha256:374cdfa745aa7d5188430528d5841cf823eb9ad16df72ad6dadd898ccccce3be"},
    {file = "fastparquet-2024.11.0-cp311-cp311-macosx_11_0_arm64.whl", hash = "sha256:4c8401bfd86cccaf0ab7c0ade58c91ae19317ff6092e1d4ad96c2178197d8124"},
    {file = "fastparquet-2024.11.0-cp311-cp311-manylinux_2_17_aarch64.manylinux2014_aarch64.whl", hash = "sha256:f9cca4c6b5969df5561c13786f9d116300db1ec22c7941e237cfca4ce602f59b"},
    {file = "fastparquet-2024.11.0-cp311-cp311-manylinux_2_17_x86_64.manylinux2014_x86_64.whl", hash = "sha256:9a9387e77ac608d8978774caaf1e19de67eaa1386806e514dcb19f741b19cfe5"},
    {file = "fastparquet-2024.11.0-cp311-cp311-manylinux_2_5_i686.manylinux1_i686.manylinux_2_17_i686.manylinux2014_i686.whl", hash = "sha256:6595d3771b3d587a31137e985f751b4d599d5c8e9af9c4858e373fdf5c3f8720"},
    {file = "fastparquet-2024.11.0-cp311-cp311-musllinux_1_2_i686.whl", hash = "sha256:053695c2f730b78a2d3925df7cd5c6444d6c1560076af907993361cc7accf3e2"},
    {file = "fastparquet-2024.11.0-cp311-cp311-musllinux_1_2_x86_64.whl", hash = "sha256:0a52eecc6270ae15f0d51347c3f762703dd667ca486f127dc0a21e7e59856ae5"},
    {file = "fastparquet-2024.11.0-cp311-cp311-win_amd64.whl", hash = "sha256:e29ff7a367fafa57c6896fb6abc84126e2466811aefd3e4ad4070b9e18820e54"},
    {file = "fastparquet-2024.11.0-cp312-cp312-macosx_10_13_universal2.whl", hash = "sha256:dbad4b014782bd38b58b8e9f514fe958cfa7a6c4e187859232d29fd5c5ddd849"},
    {file = "fastparquet-2024.11.0-cp312-cp312-macosx_11_0_arm64.whl", hash = "sha256:403d31109d398b6be7ce84fa3483fc277c6a23f0b321348c0a505eb098a041cb"},
    {file = "fastparquet-2024.11.0-cp312-cp312-manylinux_2_17_aarch64.manylinux2014_aarch64.whl", hash = "sha256:cbbb9057a26acf0abad7adf58781ee357258b7708ee44a289e3bee97e2f55d42"},
    {file = "fastparquet-2024.11.0-cp312-cp312-manylinux_2_17_x86_64.manylinux2014_x86_64.whl", hash = "sha256:63e0e416e25c15daa174aad8ba991c2e9e5b0dc347e5aed5562124261400f87b"},
    {file = "fastparquet-2024.11.0-cp312-cp312-manylinux_2_5_i686.manylinux1_i686.manylinux_2_17_i686.manylinux2014_i686.whl", hash = "sha256:0e2d7f02f57231e6c86d26e9ea71953737202f20e948790e5d4db6d6a1a150dc"},
    {file = "fastparquet-2024.11.0-cp312-cp312-musllinux_1_2_i686.whl", hash = "sha256:fbe4468146b633d8f09d7b196fea0547f213cb5ce5f76e9d1beb29eaa9593a93"},
    {file = "fastparquet-2024.11.0-cp312-cp312-musllinux_1_2_x86_64.whl", hash = "sha256:29d5c718817bcd765fc519b17f759cad4945974421ecc1931d3bdc3e05e57fa9"},
    {file = "fastparquet-2024.11.0-cp313-cp313-macosx_10_13_universal2.whl", hash = "sha256:59e5c5b51083d5b82572cdb7aed0346e3181e3ac9d2e45759da2e804bdafa7ee"},
    {file = "fastparquet-2024.11.0-cp313-cp313-macosx_11_0_arm64.whl", hash = "sha256:bdadf7b6bad789125b823bfc5b0a719ba5c4a2ef965f973702d3ea89cff057f6"},
    {file = "fastparquet-2024.11.0-cp313-cp313-manylinux_2_17_aarch64.manylinux2014_aarch64.whl", hash = "sha256:46b2db02fc2a1507939d35441c8ab211d53afd75d82eec9767d1c3656402859b"},
    {file = "fastparquet-2024.11.0-cp313-cp313-manylinux_2_17_x86_64.manylinux2014_x86_64.whl", hash = "sha256:a3afdef2895c9f459135a00a7ed3ceafebfbce918a9e7b5d550e4fae39c1b64d"},
    {file = "fastparquet-2024.11.0-cp313-cp313-manylinux_2_5_i686.manylinux1_i686.manylinux_2_17_i686.manylinux2014_i686.whl", hash = "sha256:36b5c9bd2ffaaa26ff45d59a6cefe58503dd748e0c7fad80dd905749da0f2b9e"},
    {file = "fastparquet-2024.11.0-cp313-cp313-musllinux_1_2_i686.whl", hash = "sha256:6b7df5d3b61a19d76e209fe8d3133759af1c139e04ebc6d43f3cc2d8045ef338"},
    {file = "fastparquet-2024.11.0-cp313-cp313-musllinux_1_2_x86_64.whl", hash = "sha256:8b35823ac7a194134e5f82fa4a9659e42e8f9ad1f2d22a55fbb7b9e4053aabbb"},
    {file = "fastparquet-2024.11.0-cp313-cp313-win_amd64.whl", hash = "sha256:d20632964e65530374ff7cddd42cc06aa0a1388934903693d6d22592a5ba827b"},
    {file = "fastparquet-2024.11.0-cp39-cp39-macosx_10_9_universal2.whl", hash = "sha256:1ae953c0e3832ae3936b6d92fde493ac7d8b775d7d59d02f7f46f67e1c21ed24"},
    {file = "fastparquet-2024.11.0-cp39-cp39-macosx_11_0_arm64.whl", hash = "sha256:869e167a4067116b4a27eb7adbe597130b2e2e9cfc0f3e84f60e2e182a933f23"},
    {file = "fastparquet-2024.11.0-cp39-cp39-manylinux_2_17_aarch64.manylinux2014_aarch64.whl", hash = "sha256:eb3356862fba2f9b2ea8e679d66901f466c92be8e023439fe854bc392fbf40a6"},
    {file = "fastparquet-2024.11.0-cp39-cp39-manylinux_2_17_x86_64.manylinux2014_x86_64.whl", hash = "sha256:dc475993232c6a64f350aeb928013a807eb93f78675810fd019cbcff39f6baf3"},
    {file = "fastparquet-2024.11.0-cp39-cp39-manylinux_2_5_i686.manylinux1_i686.manylinux_2_17_i686.manylinux2014_i686.whl", hash = "sha256:d24c923a2d9d22a5e7564245f856e6462d524d57982ac8f7479cde991ff73362"},
    {file = "fastparquet-2024.11.0-cp39-cp39-musllinux_1_2_i686.whl", hash = "sha256:6b936dcf40ca5fff9e70383d48811b1482b871ff74af857cb4db5f4d072f01ab"},
    {file = "fastparquet-2024.11.0-cp39-cp39-musllinux_1_2_x86_64.whl", hash = "sha256:4abd3426607335e5ad09be29ef4eeccdf097710e44420deac16893cee64ea0d8"},
    {file = "fastparquet-2024.11.0-cp39-cp39-win_amd64.whl", hash = "sha256:6ec7b398a86432993441d0a08dfae59e29649c803ed64ec4b1d7c3e0855b14cb"},
    {file = "fastparquet-2024.11.0.tar.gz", hash = "sha256:e3b1fc73fd3e1b70b0de254bae7feb890436cb67e99458b88cb9bd3cc44db419"},
]

[package.dependencies]
cramjam = ">=2.3"
fsspec = "*"
numpy = "*"
packaging = "*"
pandas = ">=1.5.0"

[package.extras]
lzo = ["python-lzo"]

[[package]]
name = "fsspec"
version = "2024.10.0"
description = "File-system specification"
optional = false
python-versions = ">=3.8"
files = [
    {file = "fsspec-2024.10.0-py3-none-any.whl", hash = "sha256:03b9a6785766a4de40368b88906366755e2819e758b83705c88cd7cb5fe81871"},
    {file = "fsspec-2024.10.0.tar.gz", hash = "sha256:eda2d8a4116d4f2429db8550f2457da57279247dd930bb12f821b58391359493"},
]

[package.extras]
abfs = ["adlfs"]
adl = ["adlfs"]
arrow = ["pyarrow (>=1)"]
dask = ["dask", "distributed"]
dev = ["pre-commit", "ruff"]
doc = ["numpydoc", "sphinx", "sphinx-design", "sphinx-rtd-theme", "yarl"]
dropbox = ["dropbox", "dropboxdrivefs", "requests"]
full = ["adlfs", "aiohttp (!=4.0.0a0,!=4.0.0a1)", "dask", "distributed", "dropbox", "dropboxdrivefs", "fusepy", "gcsfs", "libarchive-c", "ocifs", "panel", "paramiko", "pyarrow (>=1)", "pygit2", "requests", "s3fs", "smbprotocol", "tqdm"]
fuse = ["fusepy"]
gcs = ["gcsfs"]
git = ["pygit2"]
github = ["requests"]
gs = ["gcsfs"]
gui = ["panel"]
hdfs = ["pyarrow (>=1)"]
http = ["aiohttp (!=4.0.0a0,!=4.0.0a1)"]
libarchive = ["libarchive-c"]
oci = ["ocifs"]
s3 = ["s3fs"]
sftp = ["paramiko"]
smb = ["smbprotocol"]
ssh = ["paramiko"]
test = ["aiohttp (!=4.0.0a0,!=4.0.0a1)", "numpy", "pytest", "pytest-asyncio (!=0.22.0)", "pytest-benchmark", "pytest-cov", "pytest-mock", "pytest-recording", "pytest-rerunfailures", "requests"]
test-downstream = ["aiobotocore (>=2.5.4,<3.0.0)", "dask-expr", "dask[dataframe,test]", "moto[server] (>4,<5)", "pytest-timeout", "xarray"]
test-full = ["adlfs", "aiohttp (!=4.0.0a0,!=4.0.0a1)", "cloudpickle", "dask", "distributed", "dropbox", "dropboxdrivefs", "fastparquet", "fusepy", "gcsfs", "jinja2", "kerchunk", "libarchive-c", "lz4", "notebook", "numpy", "ocifs", "pandas", "panel", "paramiko", "pyarrow", "pyarrow (>=1)", "pyftpdlib", "pygit2", "pytest", "pytest-asyncio (!=0.22.0)", "pytest-benchmark", "pytest-cov", "pytest-mock", "pytest-recording", "pytest-rerunfailures", "python-snappy", "requests", "smbprotocol", "tqdm", "urllib3", "zarr", "zstandard"]
tqdm = ["tqdm"]

[[package]]
name = "numpy"
version = "2.1.3"
description = "Fundamental package for array computing in Python"
optional = false
python-versions = ">=3.10"
files = [
    {file = "numpy-2.1.3-cp310-cp310-macosx_10_9_x86_64.whl", hash = "sha256:c894b4305373b9c5576d7a12b473702afdf48ce5369c074ba304cc5ad8730dff"},
    {file = "numpy-2.1.3-cp310-cp310-macosx_11_0_arm64.whl", hash = "sha256:b47fbb433d3260adcd51eb54f92a2ffbc90a4595f8970ee00e064c644ac788f5"},
    {file = "numpy-2.1.3-cp310-cp310-macosx_14_0_arm64.whl", hash = "sha256:825656d0743699c529c5943554d223c021ff0494ff1442152ce887ef4f7561a1"},
    {file = "numpy-2.1.3-cp310-cp310-macosx_14_0_x86_64.whl", hash = "sha256:6a4825252fcc430a182ac4dee5a505053d262c807f8a924603d411f6718b88fd"},
    {file = "numpy-2.1.3-cp310-cp310-manylinux_2_17_aarch64.manylinux2014_aarch64.whl", hash = "sha256:e711e02f49e176a01d0349d82cb5f05ba4db7d5e7e0defd026328e5cfb3226d3"},
    {file = "numpy-2.1.3-cp310-cp310-manylinux_2_17_x86_64.manylinux2014_x86_64.whl", hash = "sha256:78574ac2d1a4a02421f25da9559850d59457bac82f2b8d7a44fe83a64f770098"},
    {file = "numpy-2.1.3-cp310-cp310-musllinux_1_1_x86_64.whl", hash = "sha256:c7662f0e3673fe4e832fe07b65c50342ea27d989f92c80355658c7f888fcc83c"},
    {file = "numpy-2.1.3-cp310-cp310-musllinux_1_2_aarch64.whl", hash = "sha256:fa2d1337dc61c8dc417fbccf20f6d1e139896a30721b7f1e832b2bb6ef4eb6c4"},
    {file = "numpy-2.1.3-cp310-cp310-win32.whl", hash = "sha256:72dcc4a35a8515d83e76b58fdf8113a5c969ccd505c8a946759b24e3182d1f23"},
    {file = "numpy-2.1.3-cp310-cp310-win_amd64.whl", hash = "sha256:ecc76a9ba2911d8d37ac01de72834d8849e55473457558e12995f4cd53e778e0"},
    {file = "numpy-2.1.3-cp311-cp311-macosx_10_9_x86_64.whl", hash = "sha256:4d1167c53b93f1f5d8a139a742b3c6f4d429b54e74e6b57d0eff40045187b15d"},
    {file = "numpy-2.1.3-cp311-cp311-macosx_11_0_arm64.whl", hash = "sha256:c80e4a09b3d95b4e1cac08643f1152fa71a0a821a2d4277334c88d54b2219a41"},
    {file = "numpy-2.1.3-cp311-cp311-macosx_14_0_arm64.whl", hash = "sha256:576a1c1d25e9e02ed7fa5477f30a127fe56debd53b8d2c89d5578f9857d03ca9"},
    {file = "numpy-2.1.3-cp311-cp311-macosx_14_0_x86_64.whl", hash = "sha256:973faafebaae4c0aaa1a1ca1ce02434554d67e628b8d805e61f874b84e136b09"},
    {file = "numpy-2.1.3-cp311-cp311-manylinux_2_17_aarch64.manylinux2014_aarch64.whl", hash = "sha256:762479be47a4863e261a840e8e01608d124ee1361e48b96916f38b119cfda04a"},
    {file = "numpy-2.1.3-cp311-cp311-manylinux_2_17_x86_64.manylinux2014_x86_64.whl", hash = "sha256:bc6f24b3d1ecc1eebfbf5d6051faa49af40b03be1aaa781ebdadcbc090b4539b"},
    {file = "numpy-2.1.3-cp311-cp311-musllinux_1_1_x86_64.whl", hash = "sha256:17ee83a1f4fef3c94d16dc1802b998668b5419362c8a4f4e8a491de1b41cc3ee"},
    {file = "numpy-2.1.3-cp311-cp311-musllinux_1_2_aarch64.whl", hash = "sha256:15cb89f39fa6d0bdfb600ea24b250e5f1a3df23f901f51c8debaa6a5d122b2f0"},
    {file = "numpy-2.1.3-cp311-cp311-win32.whl", hash = "sha256:d9beb777a78c331580705326d2367488d5bc473b49a9bc3036c154832520aca9"},
    {file = "numpy-2.1.3-cp311-cp311-win_amd64.whl", hash = "sha256:d89dd2b6da69c4fff5e39c28a382199ddedc3a5be5390115608345dec660b9e2"},
    {file = "numpy-2.1.3-cp312-cp312-macosx_10_13_x86_64.whl", hash = "sha256:f55ba01150f52b1027829b50d70ef1dafd9821ea82905b63936668403c3b471e"},
    {file = "numpy-2.1.3-cp312-cp312-macosx_11_0_arm64.whl", hash = "sha256:13138eadd4f4da03074851a698ffa7e405f41a0845a6b1ad135b81596e4e9958"},
    {file = "numpy-2.1.3-cp312-cp312-macosx_14_0_arm64.whl", hash = "sha256:a6b46587b14b888e95e4a24d7b13ae91fa22386c199ee7b418f449032b2fa3b8"},
    {file = "numpy-2.1.3-cp312-cp312-macosx_14_0_x86_64.whl", hash = "sha256:0fa14563cc46422e99daef53d725d0c326e99e468a9320a240affffe87852564"},
    {file = "numpy-2.1.3-cp312-cp312-manylinux_2_17_aarch64.manylinux2014_aarch64.whl", hash = "sha256:8637dcd2caa676e475503d1f8fdb327bc495554e10838019651b76d17b98e512"},
    {file = "numpy-2.1.3-cp312-cp312-manylinux_2_17_x86_64.manylinux2014_x86_64.whl", hash = "sha256:2312b2aa89e1f43ecea6da6ea9a810d06aae08321609d8dc0d0eda6d946a541b"},
    {file = "numpy-2.1.3-cp312-cp312-musllinux_1_1_x86_64.whl", hash = "sha256:a38c19106902bb19351b83802531fea19dee18e5b37b36454f27f11ff956f7fc"},
    {file = "numpy-2.1.3-cp312-cp312-musllinux_1_2_aarch64.whl", hash = "sha256:02135ade8b8a84011cbb67dc44e07c58f28575cf9ecf8ab304e51c05528c19f0"},
    {file = "numpy-2.1.3-cp312-cp312-win32.whl", hash = "sha256:e6988e90fcf617da2b5c78902fe8e668361b43b4fe26dbf2d7b0f8034d4cafb9"},
    {file = "numpy-2.1.3-cp312-cp312-win_amd64.whl", hash = "sha256:0d30c543f02e84e92c4b1f415b7c6b5326cbe45ee7882b6b77db7195fb971e3a"},
    {file = "numpy-2.1.3-cp313-cp313-macosx_10_13_x86_64.whl", hash = "sha256:96fe52fcdb9345b7cd82ecd34547fca4321f7656d500eca497eb7ea5a926692f"},
    {file = "numpy-2.1.3-cp313-cp313-macosx_11_0_arm64.whl", hash = "sha256:f653490b33e9c3a4c1c01d41bc2aef08f9475af51146e4a7710c450cf9761598"},
    {file = "numpy-2.1.3-cp313-cp313-macosx_14_0_arm64.whl", hash = "sha256:dc258a761a16daa791081d026f0ed4399b582712e6fc887a95af09df10c5ca57"},
    {file = "numpy-2.1.3-cp313-cp313-macosx_14_0_x86_64.whl", hash = "sha256:016d0f6f5e77b0f0d45d77387ffa4bb89816b57c835580c3ce8e099ef830befe"},
    {file = "numpy-2.1.3-cp313-cp313-manylinux_2_17_aarch64.manylinux2014_aarch64.whl", hash = "sha256:c181ba05ce8299c7aa3125c27b9c2167bca4a4445b7ce73d5febc411ca692e43"},
    {file = "numpy-2.1.3-cp313-cp313-manylinux_2_17_x86_64.manylinux2014_x86_64.whl", hash = "sha256:5641516794ca9e5f8a4d17bb45446998c6554704d888f86df9b200e66bdcce56"},
    {file = "numpy-2.1.3-cp313-cp313-musllinux_1_1_x86_64.whl", hash = "sha256:ea4dedd6e394a9c180b33c2c872b92f7ce0f8e7ad93e9585312b0c5a04777a4a"},
    {file = "numpy-2.1.3-cp313-cp313-musllinux_1_2_aarch64.whl", hash = "sha256:b0df3635b9c8ef48bd3be5f862cf71b0a4716fa0e702155c45067c6b711ddcef"},
    {file = "numpy-2.1.3-cp313-cp313-win32.whl", hash = "sha256:50ca6aba6e163363f132b5c101ba078b8cbd3fa92c7865fd7d4d62d9779ac29f"},
    {file = "numpy-2.1.3-cp313-cp313-win_amd64.whl", hash = "sha256:747641635d3d44bcb380d950679462fae44f54b131be347d5ec2bce47d3df9ed"},
    {file = "numpy-2.1.3-cp313-cp313t-macosx_10_13_x86_64.whl", hash = "sha256:996bb9399059c5b82f76b53ff8bb686069c05acc94656bb259b1d63d04a9506f"},
    {file = "numpy-2.1.3-cp313-cp313t-macosx_11_0_arm64.whl", hash = "sha256:45966d859916ad02b779706bb43b954281db43e185015df6eb3323120188f9e4"},
    {file = "numpy-2.1.3-cp313-cp313t-macosx_14_0_arm64.whl", hash = "sha256:baed7e8d7481bfe0874b566850cb0b85243e982388b7b23348c6db2ee2b2ae8e"},
    {file = "numpy-2.1.3-cp313-cp313t-macosx_14_0_x86_64.whl", hash = "sha256:a9f7f672a3388133335589cfca93ed468509cb7b93ba3105fce780d04a6576a0"},
    {file = "numpy-2.1.3-cp313-cp313t-manylinux_2_17_aarch64.manylinux2014_aarch64.whl", hash = "sha256:d7aac50327da5d208db2eec22eb11e491e3fe13d22653dce51b0f4109101b408"},
    {file = "numpy-2.1.3-cp313-cp313t-manylinux_2_17_x86_64.manylinux2014_x86_64.whl", hash = "sha256:4394bc0dbd074b7f9b52024832d16e019decebf86caf909d94f6b3f77a8ee3b6"},
    {file = "numpy-2.1.3-cp313-cp313t-musllinux_1_1_x86_64.whl", hash = "sha256:50d18c4358a0a8a53f12a8ba9d772ab2d460321e6a93d6064fc22443d189853f"},
    {file = "numpy-2.1.3-cp313-cp313t-musllinux_1_2_aarch64.whl", hash = "sha256:14e253bd43fc6b37af4921b10f6add6925878a42a0c5fe83daee390bca80bc17"},
    {file = "numpy-2.1.3-cp313-cp313t-win32.whl", hash = "sha256:08788d27a5fd867a663f6fc753fd7c3ad7e92747efc73c53bca2f19f8bc06f48"},
    {file = "numpy-2.1.3-cp313-cp313t-win_amd64.whl", hash = "sha256:2564fbdf2b99b3f815f2107c1bbc93e2de8ee655a69c261363a1172a79a257d4"},
    {file = "numpy-2.1.3-pp310-pypy310_pp73-macosx_10_15_x86_64.whl", hash = "sha256:4f2015dfe437dfebbfce7c85c7b53d81ba49e71ba7eadbf1df40c915af75979f"},
    {file = "numpy-2.1.3-pp310-pypy310_pp73-macosx_14_0_x86_64.whl", hash = "sha256:3522b0dfe983a575e6a9ab3a4a4dfe156c3e428468ff08ce582b9bb6bd1d71d4"},
    {file = "numpy-2.1.3-pp310-pypy310_pp73-manylinux_2_17_x86_64.manylinux2014_x86_64.whl", hash = "sha256:c006b607a865b07cd981ccb218a04fc86b600411d83d6fc261357f1c0966755d"},
    {file = "numpy-2.1.3-pp310-pypy310_pp73-win_amd64.whl", hash = "sha256:e14e26956e6f1696070788252dcdff11b4aca4c3e8bd166e0df1bb8f315a67cb"},
    {file = "numpy-2.1.3.tar.gz", hash = "sha256:aa08e04e08aaf974d4458def539dece0d28146d866a39da5639596f4921fd761"},
]

[[package]]
name = "packaging"
version = "24.2"
description = "Core utilities for Python packages"
optional = false
python-versions = ">=3.8"
files = [
    {file = "packaging-24.2-py3-none-any.whl", hash = "sha256:09abb1bccd265c01f4a3aa3f7a7db064b36514d2cba19a2f694fe6150451a759"},
    {file = "packaging-24.2.tar.gz", hash = "sha256:c228a6dc5e932d346bc5739379109d49e8853dd8223571c7c5b55260edc0b97f"},
]

[[package]]
name = "pandas"
version = "2.2.3"
description = "Powerful data structures for data analysis, time series, and statistics"
optional = false
python-versions = ">=3.9"
files = [
    {file = "pandas-2.2.3-cp310-cp310-macosx_10_9_x86_64.whl", hash = "sha256:1948ddde24197a0f7add2bdc4ca83bf2b1ef84a1bc8ccffd95eda17fd836ecb5"},
    {file = "pandas-2.2.3-cp310-cp310-macosx_11_0_arm64.whl", hash = "sha256:381175499d3802cde0eabbaf6324cce0c4f5d52ca6f8c377c29ad442f50f6348"},
    {file = "pandas-2.2.3-cp310-cp310-manylinux2014_aarch64.manylinux_2_17_aarch64.whl", hash = "sha256:d9c45366def9a3dd85a6454c0e7908f2b3b8e9c138f5dc38fed7ce720d8453ed"},
    {file = "pandas-2.2.3-cp310-cp310-manylinux_2_17_x86_64.manylinux2014_x86_64.whl", hash = "sha256:86976a1c5b25ae3f8ccae3a5306e443569ee3c3faf444dfd0f41cda24667ad57"},
    {file = "pandas-2.2.3-cp310-cp310-musllinux_1_2_aarch64.whl", hash = "sha256:b8661b0238a69d7aafe156b7fa86c44b881387509653fdf857bebc5e4008ad42"},
    {file = "pandas-2.2.3-cp310-cp310-musllinux_1_2_x86_64.whl", hash = "sha256:37e0aced3e8f539eccf2e099f65cdb9c8aa85109b0be6e93e2baff94264bdc6f"},
    {file = "pandas-2.2.3-cp310-cp310-win_amd64.whl", hash = "sha256:56534ce0746a58afaf7942ba4863e0ef81c9c50d3f0ae93e9497d6a41a057645"},
    {file = "pandas-2.2.3-cp311-cp311-macosx_10_9_x86_64.whl", hash = "sha256:66108071e1b935240e74525006034333f98bcdb87ea116de573a6a0dccb6c039"},
    {file = "pandas-2.2.3-cp311-cp311-macosx_11_0_arm64.whl", hash = "sha256:7c2875855b0ff77b2a64a0365e24455d9990730d6431b9e0ee18ad8acee13dbd"},
    {file = "pandas-2.2.3-cp311-cp311-manylinux2014_aarch64.manylinux_2_17_aarch64.whl", hash = "sha256:cd8d0c3be0515c12fed0bdbae072551c8b54b7192c7b1fda0ba56059a0179698"},
    {file = "pandas-2.2.3-cp311-cp311-manylinux_2_17_x86_64.manylinux2014_x86_64.whl", hash = "sha256:c124333816c3a9b03fbeef3a9f230ba9a737e9e5bb4060aa2107a86cc0a497fc"},
    {file = "pandas-2.2.3-cp311-cp311-musllinux_1_2_aarch64.whl", hash = "sha256:63cc132e40a2e084cf01adf0775b15ac515ba905d7dcca47e9a251819c575ef3"},
    {file = "pandas-2.2.3-cp311-cp311-musllinux_1_2_x86_64.whl", hash = "sha256:29401dbfa9ad77319367d36940cd8a0b3a11aba16063e39632d98b0e931ddf32"},
    {file = "pandas-2.2.3-cp311-cp311-win_amd64.whl", hash = "sha256:3fc6873a41186404dad67245896a6e440baacc92f5b716ccd1bc9ed2995ab2c5"},
    {file = "pandas-2.2.3-cp312-cp312-macosx_10_9_x86_64.whl", hash = "sha256:b1d432e8d08679a40e2a6d8b2f9770a5c21793a6f9f47fdd52c5ce1948a5a8a9"},
    {file = "pandas-2.2.3-cp312-cp312-macosx_11_0_arm64.whl", hash = "sha256:a5a1595fe639f5988ba6a8e5bc9649af3baf26df3998a0abe56c02609392e0a4"},
    {file = "pandas-2.2.3-cp312-cp312-manylinux2014_aarch64.manylinux_2_17_aarch64.whl", hash = "sha256:5de54125a92bb4d1c051c0659e6fcb75256bf799a732a87184e5ea503965bce3"},
    {file = "pandas-2.2.3-cp312-cp312-manylinux_2_17_x86_64.manylinux2014_x86_64.whl", hash = "sha256:fffb8ae78d8af97f849404f21411c95062db1496aeb3e56f146f0355c9989319"},
    {file = "pandas-2.2.3-cp312-cp312-musllinux_1_2_aarch64.whl", hash = "sha256:6dfcb5ee8d4d50c06a51c2fffa6cff6272098ad6540aed1a76d15fb9318194d8"},
    {file = "pandas-2.2.3-cp312-cp312-musllinux_1_2_x86_64.whl", hash = "sha256:062309c1b9ea12a50e8ce661145c6aab431b1e99530d3cd60640e255778bd43a"},
    {file = "pandas-2.2.3-cp312-cp312-win_amd64.whl", hash = "sha256:59ef3764d0fe818125a5097d2ae867ca3fa64df032331b7e0917cf5d7bf66b13"},
    {file = "pandas-2.2.3-cp313-cp313-macosx_10_13_x86_64.whl", hash = "sha256:f00d1345d84d8c86a63e476bb4955e46458b304b9575dcf71102b5c705320015"},
    {file = "pandas-2.2.3-cp313-cp313-macosx_11_0_arm64.whl", hash = "sha256:3508d914817e153ad359d7e069d752cdd736a247c322d932eb89e6bc84217f28"},
    {file = "pandas-2.2.3-cp313-cp313-manylinux2014_aarch64.manylinux_2_17_aarch64.whl", hash = "sha256:22a9d949bfc9a502d320aa04e5d02feab689d61da4e7764b62c30b991c42c5f0"},
    {file = "pandas-2.2.3-cp313-cp313-manylinux_2_17_x86_64.manylinux2014_x86_64.whl", hash = "sha256:f3a255b2c19987fbbe62a9dfd6cff7ff2aa9ccab3fc75218fd4b7530f01efa24"},
    {file = "pandas-2.2.3-cp313-cp313-musllinux_1_2_aarch64.whl", hash = "sha256:800250ecdadb6d9c78eae4990da62743b857b470883fa27f652db8bdde7f6659"},
    {file = "pandas-2.2.3-cp313-cp313-musllinux_1_2_x86_64.whl", hash = "sha256:6374c452ff3ec675a8f46fd9ab25c4ad0ba590b71cf0656f8b6daa5202bca3fb"},
    {file = "pandas-2.2.3-cp313-cp313-win_amd64.whl", hash = "sha256:61c5ad4043f791b61dd4752191d9f07f0ae412515d59ba8f005832a532f8736d"},
    {file = "pandas-2.2.3-cp313-cp313t-macosx_10_13_x86_64.whl", hash = "sha256:3b71f27954685ee685317063bf13c7709a7ba74fc996b84fc6821c59b0f06468"},
    {file = "pandas-2.2.3-cp313-cp313t-macosx_11_0_arm64.whl", hash = "sha256:38cf8125c40dae9d5acc10fa66af8ea6fdf760b2714ee482ca691fc66e6fcb18"},
    {file = "pandas-2.2.3-cp313-cp313t-manylinux2014_aarch64.manylinux_2_17_aarch64.whl", hash = "sha256:ba96630bc17c875161df3818780af30e43be9b166ce51c9a18c1feae342906c2"},
    {file = "pandas-2.2.3-cp313-cp313t-manylinux_2_17_x86_64.manylinux2014_x86_64.whl", hash = "sha256:1db71525a1538b30142094edb9adc10be3f3e176748cd7acc2240c2f2e5aa3a4"},
    {file = "pandas-2.2.3-cp313-cp313t-musllinux_1_2_aarch64.whl", hash = "sha256:15c0e1e02e93116177d29ff83e8b1619c93ddc9c49083f237d4312337a61165d"},
    {file = "pandas-2.2.3-cp313-cp313t-musllinux_1_2_x86_64.whl", hash = "sha256:ad5b65698ab28ed8d7f18790a0dc58005c7629f227be9ecc1072aa74c0c1d43a"},
    {file = "pandas-2.2.3-cp39-cp39-macosx_10_9_x86_64.whl", hash = "sha256:bc6b93f9b966093cb0fd62ff1a7e4c09e6d546ad7c1de191767baffc57628f39"},
    {file = "pandas-2.2.3-cp39-cp39-macosx_11_0_arm64.whl", hash = "sha256:5dbca4c1acd72e8eeef4753eeca07de9b1db4f398669d5994086f788a5d7cc30"},
    {file = "pandas-2.2.3-cp39-cp39-manylinux2014_aarch64.manylinux_2_17_aarch64.whl", hash = "sha256:8cd6d7cc958a3910f934ea8dbdf17b2364827bb4dafc38ce6eef6bb3d65ff09c"},
    {file = "pandas-2.2.3-cp39-cp39-manylinux_2_17_x86_64.manylinux2014_x86_64.whl", hash = "sha256:99df71520d25fade9db7c1076ac94eb994f4d2673ef2aa2e86ee039b6746d20c"},
    {file = "pandas-2.2.3-cp39-cp39-musllinux_1_2_aarch64.whl", hash = "sha256:31d0ced62d4ea3e231a9f228366919a5ea0b07440d9d4dac345376fd8e1477ea"},
    {file = "pandas-2.2.3-cp39-cp39-musllinux_1_2_x86_64.whl", hash = "sha256:7eee9e7cea6adf3e3d24e304ac6b8300646e2a5d1cd3a3c2abed9101b0846761"},
    {file = "pandas-2.2.3-cp39-cp39-win_amd64.whl", hash = "sha256:4850ba03528b6dd51d6c5d273c46f183f39a9baf3f0143e566b89450965b105e"},
    {file = "pandas-2.2.3.tar.gz", hash = "sha256:4f18ba62b61d7e192368b84517265a99b4d7ee8912f8708660fb4a366cc82667"},
]

[package.dependencies]
numpy = [
    {version = ">=1.22.4", markers = "python_version < \"3.11\""},
    {version = ">=1.23.2", markers = "python_version == \"3.11\""},
    {version = ">=1.26.0", markers = "python_version >= \"3.12\""},
]
python-dateutil = ">=2.8.2"
pytz = ">=2020.1"
tzdata = ">=2022.7"

[package.extras]
all = ["PyQt5 (>=5.15.9)", "SQLAlchemy (>=2.0.0)", "adbc-driver-postgresql (>=0.8.0)", "adbc-driver-sqlite (>=0.8.0)", "beautifulsoup4 (>=4.11.2)", "bottleneck (>=1.3.6)", "dataframe-api-compat (>=0.1.7)", "fastparquet (>=2022.12.0)", "fsspec (>=2022.11.0)", "gcsfs (>=2022.11.0)", "html5lib (>=1.1)", "hypothesis (>=6.46.1)", "jinja2 (>=3.1.2)", "lxml (>=4.9.2)", "matplotlib (>=3.6.3)", "numba (>=0.56.4)", "numexpr (>=2.8.4)", "odfpy (>=1.4.1)", "openpyxl (>=3.1.0)", "pandas-gbq (>=0.19.0)", "psycopg2 (>=2.9.6)", "pyarrow (>=10.0.1)", "pymysql (>=1.0.2)", "pyreadstat (>=1.2.0)", "pytest (>=7.3.2)", "pytest-xdist (>=2.2.0)", "python-calamine (>=0.1.7)", "pyxlsb (>=1.0.10)", "qtpy (>=2.3.0)", "s3fs (>=2022.11.0)", "scipy (>=1.10.0)", "tables (>=3.8.0)", "tabulate (>=0.9.0)", "xarray (>=2022.12.0)", "xlrd (>=2.0.1)", "xlsxwriter (>=3.0.5)", "zstandard (>=0.19.0)"]
aws = ["s3fs (>=2022.11.0)"]
clipboard = ["PyQt5 (>=5.15.9)", "qtpy (>=2.3.0)"]
compression = ["zstandard (>=0.19.0)"]
computation = ["scipy (>=1.10.0)", "xarray (>=2022.12.0)"]
consortium-standard = ["dataframe-api-compat (>=0.1.7)"]
excel = ["odfpy (>=1.4.1)", "openpyxl (>=3.1.0)", "python-calamine (>=0.1.7)", "pyxlsb (>=1.0.10)", "xlrd (>=2.0.1)", "xlsxwriter (>=3.0.5)"]
feather = ["pyarrow (>=10.0.1)"]
fss = ["fsspec (>=2022.11.0)"]
gcp = ["gcsfs (>=2022.11.0)", "pandas-gbq (>=0.19.0)"]
hdf5 = ["tables (>=3.8.0)"]
html = ["beautifulsoup4 (>=4.11.2)", "html5lib (>=1.1)", "lxml (>=4.9.2)"]
mysql = ["SQLAlchemy (>=2.0.0)", "pymysql (>=1.0.2)"]
output-formatting = ["jinja2 (>=3.1.2)", "tabulate (>=0.9.0)"]
parquet = ["pyarrow (>=10.0.1)"]
performance = ["bottleneck (>=1.3.6)", "numba (>=0.56.4)", "numexpr (>=2.8.4)"]
plot = ["matplotlib (>=3.6.3)"]
postgresql = ["SQLAlchemy (>=2.0.0)", "adbc-driver-postgresql (>=0.8.0)", "psycopg2 (>=2.9.6)"]
pyarrow = ["pyarrow (>=10.0.1)"]
spss = ["pyreadstat (>=1.2.0)"]
sql-other = ["SQLAlchemy (>=2.0.0)", "adbc-driver-postgresql (>=0.8.0)", "adbc-driver-sqlite (>=0.8.0)"]
test = ["hypothesis (>=6.46.1)", "pytest (>=7.3.2)", "pytest-xdist (>=2.2.0)"]
xml = ["lxml (>=4.9.2)"]

[[package]]
name = "python-dateutil"
version = "2.9.0.post0"
description = "Extensions to the standard Python datetime module"
optional = false
python-versions = "!=3.0.*,!=3.1.*,!=3.2.*,>=2.7"
files = [
    {file = "python-dateutil-2.9.0.post0.tar.gz", hash = "sha256:37dd54208da7e1cd875388217d5e00ebd4179249f90fb72437e91a35459a0ad3"},
    {file = "python_dateutil-2.9.0.post0-py2.py3-none-any.whl", hash = "sha256:a8b2bc7bffae282281c8140a97d3aa9c14da0b136dfe83f850eea9a5f7470427"},
]

[package.dependencies]
six = ">=1.5"

[[package]]
name = "pytz"
version = "2024.2"
description = "World timezone definitions, modern and historical"
optional = false
python-versions = "*"
files = [
    {file = "pytz-2024.2-py2.py3-none-any.whl", hash = "sha256:31c7c1817eb7fae7ca4b8c7ee50c72f93aa2dd863de768e1ef4245d426aa0725"},
    {file = "pytz-2024.2.tar.gz", hash = "sha256:2aa355083c50a0f93fa581709deac0c9ad65cca8a9e9beac660adcbd493c798a"},
]

[[package]]
name = "six"
version = "1.16.0"
description = "Python 2 and 3 compatibility utilities"
optional = false
python-versions = ">=2.7, !=3.0.*, !=3.1.*, !=3.2.*"
files = [
    {file = "six-1.16.0-py2.py3-none-any.whl", hash = "sha256:8abb2f1d86890a2dfb989f9a77cfcfd3e47c2a354b01111771326f8aa26e0254"},
    {file = "six-1.16.0.tar.gz", hash = "sha256:1e61c37477a1626458e36f7b1d82aa5c9b094fa4802892072e49de9c60c4c926"},
]

[[package]]
name = "tzdata"
version = "2024.2"
description = "Provider of IANA time zone data"
optional = false
python-versions = ">=2"
files = [
    {file = "tzdata-2024.2-py2.py3-none-any.whl", hash = "sha256:a48093786cdcde33cad18c2555e8532f34422074448fbc874186f0abd79565cd"},
    {file = "tzdata-2024.2.tar.gz", hash = "sha256:7d85cc416e9382e69095b7bdf4afd9e3880418a2413feec7069d533d6b4e31cc"},
]

[metadata]
lock-version = "2.0"
python-versions = "^3.10"
content-hash = "3d8516e7adeb4457489b607e9b79fc2ca671d0b3d3cec04d314864cd1bf952fb"
